// !$*UTF8*$!
{
	archiveVersion = 1;
	classes = {
	};
	objectVersion = 46;
	objects = {

/* Begin PBXBuildFile section */
		6811AE73AD5A877E187F76D5 /* Pods_WetherApp.framework in Frameworks */ = {isa = PBXBuildFile; fileRef = 0F064AA1B28E4D814FEE6CD1 /* Pods_WetherApp.framework */; };
		781C4DB01F91CD7D00915FF0 /* WeatherCell.swift in Sources */ = {isa = PBXBuildFile; fileRef = 781C4DAF1F91CD7D00915FF0 /* WeatherCell.swift */; };
		7840368F1F83547400A7F4EF /* Constants.swift in Sources */ = {isa = PBXBuildFile; fileRef = 7840368E1F83547400A7F4EF /* Constants.swift */; };
		784036911F835D6800A7F4EF /* CurrentWether.swift in Sources */ = {isa = PBXBuildFile; fileRef = 784036901F835D6800A7F4EF /* CurrentWether.swift */; };
		789E69901F873D920009D699 /* Forecast.swift in Sources */ = {isa = PBXBuildFile; fileRef = 789E698F1F873D920009D699 /* Forecast.swift */; };
		78B6D5A51F809F12002F3B4A /* AppDelegate.swift in Sources */ = {isa = PBXBuildFile; fileRef = 78B6D5A41F809F12002F3B4A /* AppDelegate.swift */; };
		78B6D5A71F809F12002F3B4A /* WetherVC.swift in Sources */ = {isa = PBXBuildFile; fileRef = 78B6D5A61F809F12002F3B4A /* WetherVC.swift */; };
		78B6D5AA1F809F12002F3B4A /* Main.storyboard in Resources */ = {isa = PBXBuildFile; fileRef = 78B6D5A81F809F12002F3B4A /* Main.storyboard */; };
		78B6D5AC1F809F12002F3B4A /* Assets.xcassets in Resources */ = {isa = PBXBuildFile; fileRef = 78B6D5AB1F809F12002F3B4A /* Assets.xcassets */; };
		78B6D5AF1F809F12002F3B4A /* LaunchScreen.storyboard in Resources */ = {isa = PBXBuildFile; fileRef = 78B6D5AD1F809F12002F3B4A /* LaunchScreen.storyboard */; };
/* End PBXBuildFile section */

/* Begin PBXFileReference section */
		0F064AA1B28E4D814FEE6CD1 /* Pods_WetherApp.framework */ = {isa = PBXFileReference; explicitFileType = wrapper.framework; includeInIndex = 0; path = Pods_WetherApp.framework; sourceTree = BUILT_PRODUCTS_DIR; };
		245D1E03B217A95E000C73BB /* Pods-WetherApp.debug.xcconfig */ = {isa = PBXFileReference; includeInIndex = 1; lastKnownFileType = text.xcconfig; name = "Pods-WetherApp.debug.xcconfig"; path = "Pods/Target Support Files/Pods-WetherApp/Pods-WetherApp.debug.xcconfig"; sourceTree = "<group>"; };
		781C4DAF1F91CD7D00915FF0 /* WeatherCell.swift */ = {isa = PBXFileReference; fileEncoding = 4; lastKnownFileType = sourcecode.swift; path = WeatherCell.swift; sourceTree = "<group>"; };
		7840368E1F83547400A7F4EF /* Constants.swift */ = {isa = PBXFileReference; fileEncoding = 4; lastKnownFileType = sourcecode.swift; path = Constants.swift; sourceTree = "<group>"; };
		784036901F835D6800A7F4EF /* CurrentWether.swift */ = {isa = PBXFileReference; fileEncoding = 4; lastKnownFileType = sourcecode.swift; path = CurrentWether.swift; sourceTree = "<group>"; };
		789E698F1F873D920009D699 /* Forecast.swift */ = {isa = PBXFileReference; fileEncoding = 4; lastKnownFileType = sourcecode.swift; path = Forecast.swift; sourceTree = "<group>"; };
		78B6D5A11F809F12002F3B4A /* WetherApp.app */ = {isa = PBXFileReference; explicitFileType = wrapper.application; includeInIndex = 0; path = WetherApp.app; sourceTree = BUILT_PRODUCTS_DIR; };
		78B6D5A41F809F12002F3B4A /* AppDelegate.swift */ = {isa = PBXFileReference; lastKnownFileType = sourcecode.swift; path = AppDelegate.swift; sourceTree = "<group>"; };
		78B6D5A61F809F12002F3B4A /* WetherVC.swift */ = {isa = PBXFileReference; lastKnownFileType = sourcecode.swift; path = WetherVC.swift; sourceTree = "<group>"; };
		78B6D5A91F809F12002F3B4A /* Base */ = {isa = PBXFileReference; lastKnownFileType = file.storyboard; name = Base; path = Base.lproj/Main.storyboard; sourceTree = "<group>"; };
		78B6D5AB1F809F12002F3B4A /* Assets.xcassets */ = {isa = PBXFileReference; lastKnownFileType = folder.assetcatalog; path = Assets.xcassets; sourceTree = "<group>"; };
		78B6D5AE1F809F12002F3B4A /* Base */ = {isa = PBXFileReference; lastKnownFileType = file.storyboard; name = Base; path = Base.lproj/LaunchScreen.storyboard; sourceTree = "<group>"; };
		78B6D5B01F809F13002F3B4A /* Info.plist */ = {isa = PBXFileReference; lastKnownFileType = text.plist.xml; path = Info.plist; sourceTree = "<group>"; };
		A8573D5BD276FB87E84C79DF /* Pods-WetherApp.release.xcconfig */ = {isa = PBXFileReference; includeInIndex = 1; lastKnownFileType = text.xcconfig; name = "Pods-WetherApp.release.xcconfig"; path = "Pods/Target Support Files/Pods-WetherApp/Pods-WetherApp.release.xcconfig"; sourceTree = "<group>"; };
/* End PBXFileReference section */

/* Begin PBXFrameworksBuildPhase section */
		78B6D59E1F809F12002F3B4A /* Frameworks */ = {
			isa = PBXFrameworksBuildPhase;
			buildActionMask = 2147483647;
			files = (
				6811AE73AD5A877E187F76D5 /* Pods_WetherApp.framework in Frameworks */,
			);
			runOnlyForDeploymentPostprocessing = 0;
		};
/* End PBXFrameworksBuildPhase section */

/* Begin PBXGroup section */
		0A85D2D5B6DD73E4A4A096E7 /* Pods */ = {
			isa = PBXGroup;
			children = (
				245D1E03B217A95E000C73BB /* Pods-WetherApp.debug.xcconfig */,
				A8573D5BD276FB87E84C79DF /* Pods-WetherApp.release.xcconfig */,
			);
			name = Pods;
			sourceTree = "<group>";
		};
		776AF20D108047B3FFBC324E /* Frameworks */ = {
			isa = PBXGroup;
			children = (
				0F064AA1B28E4D814FEE6CD1 /* Pods_WetherApp.framework */,
			);
			name = Frameworks;
			sourceTree = "<group>";
		};
		7840368A1F8353CD00A7F4EF /* View */ = {
			isa = PBXGroup;
			children = (
				781C4DAF1F91CD7D00915FF0 /* WeatherCell.swift */,
			);
			name = View;
			sourceTree = "<group>";
		};
		7840368C1F8353F700A7F4EF /* Model */ = {
			isa = PBXGroup;
			children = (
				7840368E1F83547400A7F4EF /* Constants.swift */,
				784036901F835D6800A7F4EF /* CurrentWether.swift */,
				789E698F1F873D920009D699 /* Forecast.swift */,
			);
			name = Model;
			sourceTree = "<group>";
		};
		7840368D1F83541B00A7F4EF /* Controller */ = {
			isa = PBXGroup;
			children = (
				78B6D5A61F809F12002F3B4A /* WetherVC.swift */,
			);
			name = Controller;
			sourceTree = "<group>";
		};
		78B6D5981F809F12002F3B4A = {
			isa = PBXGroup;
			children = (
				78B6D5A31F809F12002F3B4A /* WetherApp */,
				78B6D5A21F809F12002F3B4A /* Products */,
				0A85D2D5B6DD73E4A4A096E7 /* Pods */,
				776AF20D108047B3FFBC324E /* Frameworks */,
			);
			sourceTree = "<group>";
		};
		78B6D5A21F809F12002F3B4A /* Products */ = {
			isa = PBXGroup;
			children = (
				78B6D5A11F809F12002F3B4A /* WetherApp.app */,
			);
			name = Products;
			sourceTree = "<group>";
		};
		78B6D5A31F809F12002F3B4A /* WetherApp */ = {
			isa = PBXGroup;
			children = (
				7840368A1F8353CD00A7F4EF /* View */,
				7840368D1F83541B00A7F4EF /* Controller */,
				7840368C1F8353F700A7F4EF /* Model */,
				78B6D5A41F809F12002F3B4A /* AppDelegate.swift */,
				78B6D5A81F809F12002F3B4A /* Main.storyboard */,
				78B6D5AB1F809F12002F3B4A /* Assets.xcassets */,
				78B6D5AD1F809F12002F3B4A /* LaunchScreen.storyboard */,
				78B6D5B01F809F13002F3B4A /* Info.plist */,
			);
			path = WetherApp;
			sourceTree = "<group>";
		};
/* End PBXGroup section */

/* Begin PBXNativeTarget section */
		78B6D5A01F809F12002F3B4A /* WetherApp */ = {
			isa = PBXNativeTarget;
			buildConfigurationList = 78B6D5B31F809F13002F3B4A /* Build configuration list for PBXNativeTarget "WetherApp" */;
			buildPhases = (
				29067296F77ECF55AE12B168 /* [CP] Check Pods Manifest.lock */,
				78B6D59D1F809F12002F3B4A /* Sources */,
				78B6D59E1F809F12002F3B4A /* Frameworks */,
				78B6D59F1F809F12002F3B4A /* Resources */,
				67CE05ACC8C6C826BB70E790 /* [CP] Embed Pods Frameworks */,
				93E704C09276D3ACDBA58D55 /* [CP] Copy Pods Resources */,
			);
			buildRules = (
			);
			dependencies = (
			);
			name = WetherApp;
			productName = WetherApp;
			productReference = 78B6D5A11F809F12002F3B4A /* WetherApp.app */;
			productType = "com.apple.product-type.application";
		};
/* End PBXNativeTarget section */

/* Begin PBXProject section */
		78B6D5991F809F12002F3B4A /* Project object */ = {
			isa = PBXProject;
			attributes = {
				LastSwiftUpdateCheck = 0830;
				LastUpgradeCheck = 0830;
				ORGANIZATIONNAME = RANDOM;
				TargetAttributes = {
					78B6D5A01F809F12002F3B4A = {
						CreatedOnToolsVersion = 8.3.3;
						ProvisioningStyle = Automatic;
					};
				};
			};
			buildConfigurationList = 78B6D59C1F809F12002F3B4A /* Build configuration list for PBXProject "WetherApp" */;
			compatibilityVersion = "Xcode 3.2";
			developmentRegion = English;
			hasScannedForEncodings = 0;
			knownRegions = (
				en,
				Base,
			);
			mainGroup = 78B6D5981F809F12002F3B4A;
			productRefGroup = 78B6D5A21F809F12002F3B4A /* Products */;
			projectDirPath = "";
			projectRoot = "";
			targets = (
				78B6D5A01F809F12002F3B4A /* WetherApp */,
			);
		};
/* End PBXProject section */

/* Begin PBXResourcesBuildPhase section */
		78B6D59F1F809F12002F3B4A /* Resources */ = {
			isa = PBXResourcesBuildPhase;
			buildActionMask = 2147483647;
			files = (
				78B6D5AF1F809F12002F3B4A /* LaunchScreen.storyboard in Resources */,
				78B6D5AC1F809F12002F3B4A /* Assets.xcassets in Resources */,
				78B6D5AA1F809F12002F3B4A /* Main.storyboard in Resources */,
			);
			runOnlyForDeploymentPostprocessing = 0;
		};
/* End PBXResourcesBuildPhase section */

/* Begin PBXShellScriptBuildPhase section */
		29067296F77ECF55AE12B168 /* [CP] Check Pods Manifest.lock */ = {
			isa = PBXShellScriptBuildPhase;
			buildActionMask = 2147483647;
			files = (
			);
			inputPaths = (
				"${PODS_PODFILE_DIR_PATH}/Podfile.lock",
				"${PODS_ROOT}/Manifest.lock",
			);
			name = "[CP] Check Pods Manifest.lock";
			outputPaths = (
				"$(DERIVED_FILE_DIR)/Pods-WetherApp-checkManifestLockResult.txt",
			);
			runOnlyForDeploymentPostprocessing = 0;
			shellPath = /bin/sh;
			shellScript = "diff \"${PODS_PODFILE_DIR_PATH}/Podfile.lock\" \"${PODS_ROOT}/Manifest.lock\" > /dev/null\nif [ $? != 0 ] ; then\n    # print error to STDERR\n    echo \"error: The sandbox is not in sync with the Podfile.lock. Run 'pod install' or update your CocoaPods installation.\" >&2\n    exit 1\nfi\n# This output is used by Xcode 'outputs' to avoid re-running this script phase.\necho \"SUCCESS\" > \"${SCRIPT_OUTPUT_FILE_0}\"\n";
			showEnvVarsInLog = 0;
		};
		67CE05ACC8C6C826BB70E790 /* [CP] Embed Pods Frameworks */ = {
			isa = PBXShellScriptBuildPhase;
			buildActionMask = 2147483647;
			files = (
			);
			inputPaths = (
				"${SRCROOT}/Pods/Target Support Files/Pods-WetherApp/Pods-WetherApp-frameworks.sh",
				"${BUILT_PRODUCTS_DIR}/Alamofire/Alamofire.framework",
			);
			name = "[CP] Embed Pods Frameworks";
			outputPaths = (
				"${TARGET_BUILD_DIR}/${FRAMEWORKS_FOLDER_PATH}/Alamofire.framework",
			);
			runOnlyForDeploymentPostprocessing = 0;
			shellPath = /bin/sh;
			shellScript = "\"${SRCROOT}/Pods/Target Support Files/Pods-WetherApp/Pods-WetherApp-frameworks.sh\"\n";
			showEnvVarsInLog = 0;
		};
		93E704C09276D3ACDBA58D55 /* [CP] Copy Pods Resources */ = {
			isa = PBXShellScriptBuildPhase;
			buildActionMask = 2147483647;
			files = (
			);
			inputPaths = (
			);
			name = "[CP] Copy Pods Resources";
			outputPaths = (
			);
			runOnlyForDeploymentPostprocessing = 0;
			shellPath = /bin/sh;
			shellScript = "\"${SRCROOT}/Pods/Target Support Files/Pods-WetherApp/Pods-WetherApp-resources.sh\"\n";
			showEnvVarsInLog = 0;
		};
/* End PBXShellScriptBuildPhase section */

/* Begin PBXSourcesBuildPhase section */
		78B6D59D1F809F12002F3B4A /* Sources */ = {
			isa = PBXSourcesBuildPhase;
			buildActionMask = 2147483647;
			files = (
				784036911F835D6800A7F4EF /* CurrentWether.swift in Sources */,
				78B6D5A71F809F12002F3B4A /* WetherVC.swift in Sources */,
				781C4DB01F91CD7D00915FF0 /* WeatherCell.swift in Sources */,
				78B6D5A51F809F12002F3B4A /* AppDelegate.swift in Sources */,
				7840368F1F83547400A7F4EF /* Constants.swift in Sources */,
				789E69901F873D920009D699 /* Forecast.swift in Sources */,
			);
			runOnlyForDeploymentPostprocessing = 0;
		};
/* End PBXSourcesBuildPhase section */

/* Begin PBXVariantGroup section */
		78B6D5A81F809F12002F3B4A /* Main.storyboard */ = {
			isa = PBXVariantGroup;
			children = (
				78B6D5A91F809F12002F3B4A /* Base */,
			);
			name = Main.storyboard;
			sourceTree = "<group>";
		};
		78B6D5AD1F809F12002F3B4A /* LaunchScreen.storyboard */ = {
			isa = PBXVariantGroup;
			children = (
				78B6D5AE1F809F12002F3B4A /* Base */,
			);
			name = LaunchScreen.storyboard;
			sourceTree = "<group>";
		};
/* End PBXVariantGroup section */

/* Begin XCBuildConfiguration section */
		78B6D5B11F809F13002F3B4A /* Debug */ = {
			isa = XCBuildConfiguration;
			buildSettings = {
				ALWAYS_SEARCH_USER_PATHS = NO;
				CLANG_ANALYZER_NONNULL = YES;
				CLANG_ANALYZER_NUMBER_OBJECT_CONVERSION = YES_AGGRESSIVE;
				CLANG_CXX_LANGUAGE_STANDARD = "gnu++0x";
				CLANG_CXX_LIBRARY = "libc++";
				CLANG_ENABLE_MODULES = YES;
				CLANG_ENABLE_OBJC_ARC = YES;
				CLANG_WARN_BOOL_CONVERSION = YES;
				CLANG_WARN_CONSTANT_CONVERSION = YES;
				CLANG_WARN_DIRECT_OBJC_ISA_USAGE = YES_ERROR;
				CLANG_WARN_DOCUMENTATION_COMMENTS = YES;
				CLANG_WARN_EMPTY_BODY = YES;
				CLANG_WARN_ENUM_CONVERSION = YES;
				CLANG_WARN_INFINITE_RECURSION = YES;
				CLANG_WARN_INT_CONVERSION = YES;
				CLANG_WARN_OBJC_ROOT_CLASS = YES_ERROR;
				CLANG_WARN_SUSPICIOUS_MOVE = YES;
				CLANG_WARN_UNREACHABLE_CODE = YES;
				CLANG_WARN__DUPLICATE_METHOD_MATCH = YES;
				"CODE_SIGN_IDENTITY[sdk=iphoneos*]" = "iPhone Developer";
				COPY_PHASE_STRIP = NO;
				DEBUG_INFORMATION_FORMAT = dwarf;
				ENABLE_STRICT_OBJC_MSGSEND = YES;
				ENABLE_TESTABILITY = YES;
				GCC_C_LANGUAGE_STANDARD = gnu99;
				GCC_DYNAMIC_NO_PIC = NO;
				GCC_NO_COMMON_BLOCKS = YES;
				GCC_OPTIMIZATION_LEVEL = 0;
				GCC_PREPROCESSOR_DEFINITIONS = (
					"DEBUG=1",
					"$(inherited)",
				);
				GCC_WARN_64_TO_32_BIT_CONVERSION = YES;
				GCC_WARN_ABOUT_RETURN_TYPE = YES_ERROR;
				GCC_WARN_UNDECLARED_SELECTOR = YES;
				GCC_WARN_UNINITIALIZED_AUTOS = YES_AGGRESSIVE;
				GCC_WARN_UNUSED_FUNCTION = YES;
				GCC_WARN_UNUSED_VARIABLE = YES;
				IPHONEOS_DEPLOYMENT_TARGET = 10.3;
				MTL_ENABLE_DEBUG_INFO = YES;
				ONLY_ACTIVE_ARCH = YES;
				SDKROOT = iphoneos;
				SWIFT_ACTIVE_COMPILATION_CONDITIONS = DEBUG;
				SWIFT_OPTIMIZATION_LEVEL = "-Onone";
				TARGETED_DEVICE_FAMILY = "1,2";
			};
			name = Debug;
		};
		78B6D5B21F809F13002F3B4A /* Release */ = {
			isa = XCBuildConfiguration;
			buildSettings = {
				ALWAYS_SEARCH_USER_PATHS = NO;
				CLANG_ANALYZER_NONNULL = YES;
				CLANG_ANALYZER_NUMBER_OBJECT_CONVERSION = YES_AGGRESSIVE;
				CLANG_CXX_LANGUAGE_STANDARD = "gnu++0x";
				CLANG_CXX_LIBRARY = "libc++";
				CLANG_ENABLE_MODULES = YES;
				CLANG_ENABLE_OBJC_ARC = YES;
				CLANG_WARN_BOOL_CONVERSION = YES;
				CLANG_WARN_CONSTANT_CONVERSION = YES;
				CLANG_WARN_DIRECT_OBJC_ISA_USAGE = YES_ERROR;
				CLANG_WARN_DOCUMENTATION_COMMENTS = YES;
				CLANG_WARN_EMPTY_BODY = YES;
				CLANG_WARN_ENUM_CONVERSION = YES;
				CLANG_WARN_INFINITE_RECURSION = YES;
				CLANG_WARN_INT_CONVERSION = YES;
				CLANG_WARN_OBJC_ROOT_CLASS = YES_ERROR;
				CLANG_WARN_SUSPICIOUS_MOVE = YES;
				CLANG_WARN_UNREACHABLE_CODE = YES;
				CLANG_WARN__DUPLICATE_METHOD_MATCH = YES;
				"CODE_SIGN_IDENTITY[sdk=iphoneos*]" = "iPhone Developer";
				COPY_PHASE_STRIP = NO;
				DEBUG_INFORMATION_FORMAT = "dwarf-with-dsym";
				ENABLE_NS_ASSERTIONS = NO;
				ENABLE_STRICT_OBJC_MSGSEND = YES;
				GCC_C_LANGUAGE_STANDARD = gnu99;
				GCC_NO_COMMON_BLOCKS = YES;
				GCC_WARN_64_TO_32_BIT_CONVERSION = YES;
				GCC_WARN_ABOUT_RETURN_TYPE = YES_ERROR;
				GCC_WARN_UNDECLARED_SELECTOR = YES;
				GCC_WARN_UNINITIALIZED_AUTOS = YES_AGGRESSIVE;
				GCC_WARN_UNUSED_FUNCTION = YES;
				GCC_WARN_UNUSED_VARIABLE = YES;
				IPHONEOS_DEPLOYMENT_TARGET = 10.3;
				MTL_ENABLE_DEBUG_INFO = NO;
				SDKROOT = iphoneos;
				SWIFT_OPTIMIZATION_LEVEL = "-Owholemodule";
				TARGETED_DEVICE_FAMILY = "1,2";
				VALIDATE_PRODUCT = YES;
			};
			name = Release;
		};
		78B6D5B41F809F13002F3B4A /* Debug */ = {
			isa = XCBuildConfiguration;
			baseConfigurationReference = 245D1E03B217A95E000C73BB /* Pods-WetherApp.debug.xcconfig */;
			buildSettings = {
				ASSETCATALOG_COMPILER_APPICON_NAME = AppIcon;
				INFOPLIST_FILE = WetherApp/Info.plist;
				LD_RUNPATH_SEARCH_PATHS = "$(inherited) @executable_path/Frameworks";
				PRODUCT_BUNDLE_IDENTIFIER = com.apple.WetherApp;
				PRODUCT_NAME = "$(TARGET_NAME)";
				SWIFT_VERSION = 3.0;
			};
			name = Debug;
		};
		78B6D5B51F809F13002F3B4A /* Release */ = {
			isa = XCBuildConfiguration;
			baseConfigurationReference = A8573D5BD276FB87E84C79DF /* Pods-WetherApp.release.xcconfig */;
			buildSettings = {
				ASSETCATALOG_COMPILER_APPICON_NAME = AppIcon;
				INFOPLIST_FILE = WetherApp/Info.plist;
				LD_RUNPATH_SEARCH_PATHS = "$(inherited) @executable_path/Frameworks";
				PRODUCT_BUNDLE_IDENTIFIER = com.apple.WetherApp;
				PRODUCT_NAME = "$(TARGET_NAME)";
				SWIFT_VERSION = 3.0;
			};
			name = Release;
		};
/* End XCBuildConfiguration section */

/* Begin XCConfigurationList section */
		78B6D59C1F809F12002F3B4A /* Build configuration list for PBXProject "WetherApp" */ = {
			isa = XCConfigurationList;
			buildConfigurations = (
				78B6D5B11F809F13002F3B4A /* Debug */,
				78B6D5B21F809F13002F3B4A /* Release */,
			);
			defaultConfigurationIsVisible = 0;
			defaultConfigurationName = Release;
		};
		78B6D5B31F809F13002F3B4A /* Build configuration list for PBXNativeTarget "WetherApp" */ = {
			isa = XCConfigurationList;
			buildConfigurations = (
				78B6D5B41F809F13002F3B4A /* Debug */,
				78B6D5B51F809F13002F3B4A /* Release */,
			);
			defaultConfigurationIsVisible = 0;
			defaultConfigurationName = Release;
		};
/* End XCConfigurationList section */
	};
	rootObject = 78B6D5991F809F12002F3B4A /* Project object */;
}
